// !$*UTF8*$!
{
	archiveVersion = 1;
	classes = {
	};
	objectVersion = 55;
	objects = {

/* Begin PBXBuildFile section */
		D029DE8928DB05560062A13D /* AppDelegate.swift in Sources */ = {isa = PBXBuildFile; fileRef = D029DE8828DB05560062A13D /* AppDelegate.swift */; };
		D029DE8B28DB05560062A13D /* SceneDelegate.swift in Sources */ = {isa = PBXBuildFile; fileRef = D029DE8A28DB05560062A13D /* SceneDelegate.swift */; };
		D029DE8D28DB05560062A13D /* ViewController.swift in Sources */ = {isa = PBXBuildFile; fileRef = D029DE8C28DB05560062A13D /* ViewController.swift */; };
		D029DE9028DB05560062A13D /* Main.storyboard in Resources */ = {isa = PBXBuildFile; fileRef = D029DE8E28DB05560062A13D /* Main.storyboard */; };
		D029DE9228DB055B0062A13D /* Assets.xcassets in Resources */ = {isa = PBXBuildFile; fileRef = D029DE9128DB055B0062A13D /* Assets.xcassets */; };
		D029DE9528DB055B0062A13D /* LaunchScreen.storyboard in Resources */ = {isa = PBXBuildFile; fileRef = D029DE9328DB055B0062A13D /* LaunchScreen.storyboard */; };
		D029DEA028DB055B0062A13D /* TicTacToe2Tests.swift in Sources */ = {isa = PBXBuildFile; fileRef = D029DE9F28DB055B0062A13D /* TicTacToe2Tests.swift */; };
		D029DEAA28DB055C0062A13D /* TicTacToe2UITests.swift in Sources */ = {isa = PBXBuildFile; fileRef = D029DEA928DB055C0062A13D /* TicTacToe2UITests.swift */; };
		D029DEAC28DB055C0062A13D /* TicTacToe2UITestsLaunchTests.swift in Sources */ = {isa = PBXBuildFile; fileRef = D029DEAB28DB055C0062A13D /* TicTacToe2UITestsLaunchTests.swift */; };
/* End PBXBuildFile section */

/* Begin PBXContainerItemProxy section */
		D029DE9C28DB055B0062A13D /* PBXContainerItemProxy */ = {
			isa = PBXContainerItemProxy;
			containerPortal = D029DE7D28DB05560062A13D /* Project object */;
			proxyType = 1;
			remoteGlobalIDString = D029DE8428DB05560062A13D;
			remoteInfo = TicTacToe2;
		};
		D029DEA628DB055C0062A13D /* PBXContainerItemProxy */ = {
			isa = PBXContainerItemProxy;
			containerPortal = D029DE7D28DB05560062A13D /* Project object */;
			proxyType = 1;
			remoteGlobalIDString = D029DE8428DB05560062A13D;
			remoteInfo = TicTacToe2;
		};
/* End PBXContainerItemProxy section */

/* Begin PBXFileReference section */
		D029DE8528DB05560062A13D /* TicTacToe2.app */ = {isa = PBXFileReference; explicitFileType = wrapper.application; includeInIndex = 0; path = TicTacToe2.app; sourceTree = BUILT_PRODUCTS_DIR; };
		D029DE8828DB05560062A13D /* AppDelegate.swift */ = {isa = PBXFileReference; lastKnownFileType = sourcecode.swift; path = AppDelegate.swift; sourceTree = "<group>"; };
		D029DE8A28DB05560062A13D /* SceneDelegate.swift */ = {isa = PBXFileReference; lastKnownFileType = sourcecode.swift; path = SceneDelegate.swift; sourceTree = "<group>"; };
		D029DE8C28DB05560062A13D /* ViewController.swift */ = {isa = PBXFileReference; lastKnownFileType = sourcecode.swift; path = ViewController.swift; sourceTree = "<group>"; };
		D029DE8F28DB05560062A13D /* Base */ = {isa = PBXFileReference; lastKnownFileType = file.storyboard; name = Base; path = Base.lproj/Main.storyboard; sourceTree = "<group>"; };
		D029DE9128DB055B0062A13D /* Assets.xcassets */ = {isa = PBXFileReference; lastKnownFileType = folder.assetcatalog; path = Assets.xcassets; sourceTree = "<group>"; };
		D029DE9428DB055B0062A13D /* Base */ = {isa = PBXFileReference; lastKnownFileType = file.storyboard; name = Base; path = Base.lproj/LaunchScreen.storyboard; sourceTree = "<group>"; };
		D029DE9628DB055B0062A13D /* Info.plist */ = {isa = PBXFileReference; lastKnownFileType = text.plist.xml; path = Info.plist; sourceTree = "<group>"; };
		D029DE9B28DB055B0062A13D /* TicTacToe2Tests.xctest */ = {isa = PBXFileReference; explicitFileType = wrapper.cfbundle; includeInIndex = 0; path = TicTacToe2Tests.xctest; sourceTree = BUILT_PRODUCTS_DIR; };
		D029DE9F28DB055B0062A13D /* TicTacToe2Tests.swift */ = {isa = PBXFileReference; lastKnownFileType = sourcecode.swift; path = TicTacToe2Tests.swift; sourceTree = "<group>"; };
		D029DEA528DB055C0062A13D /* TicTacToe2UITests.xctest */ = {isa = PBXFileReference; explicitFileType = wrapper.cfbundle; includeInIndex = 0; path = TicTacToe2UITests.xctest; sourceTree = BUILT_PRODUCTS_DIR; };
		D029DEA928DB055C0062A13D /* TicTacToe2UITests.swift */ = {isa = PBXFileReference; lastKnownFileType = sourcecode.swift; path = TicTacToe2UITests.swift; sourceTree = "<group>"; };
		D029DEAB28DB055C0062A13D /* TicTacToe2UITestsLaunchTests.swift */ = {isa = PBXFileReference; lastKnownFileType = sourcecode.swift; path = TicTacToe2UITestsLaunchTests.swift; sourceTree = "<group>"; };
/* End PBXFileReference section */

/* Begin PBXFrameworksBuildPhase section */
		D029DE8228DB05560062A13D /* Frameworks */ = {
			isa = PBXFrameworksBuildPhase;
			buildActionMask = 2147483647;
			files = (
			);
			runOnlyForDeploymentPostprocessing = 0;
		};
		D029DE9828DB055B0062A13D /* Frameworks */ = {
			isa = PBXFrameworksBuildPhase;
			buildActionMask = 2147483647;
			files = (
			);
			runOnlyForDeploymentPostprocessing = 0;
		};
		D029DEA228DB055C0062A13D /* Frameworks */ = {
			isa = PBXFrameworksBuildPhase;
			buildActionMask = 2147483647;
			files = (
			);
			runOnlyForDeploymentPostprocessing = 0;
		};
/* End PBXFrameworksBuildPhase section */

/* Begin PBXGroup section */
		D029DE7C28DB05560062A13D = {
			isa = PBXGroup;
			children = (
				D029DE8728DB05560062A13D /* TicTacToe2 */,
				D029DE9E28DB055B0062A13D /* TicTacToe2Tests */,
				D029DEA828DB055C0062A13D /* TicTacToe2UITests */,
				D029DE8628DB05560062A13D /* Products */,
			);
			sourceTree = "<group>";
		};
		D029DE8628DB05560062A13D /* Products */ = {
			isa = PBXGroup;
			children = (
				D029DE8528DB05560062A13D /* TicTacToe2.app */,
				D029DE9B28DB055B0062A13D /* TicTacToe2Tests.xctest */,
				D029DEA528DB055C0062A13D /* TicTacToe2UITests.xctest */,
			);
			name = Products;
			sourceTree = "<group>";
		};
		D029DE8728DB05560062A13D /* TicTacToe2 */ = {
			isa = PBXGroup;
			children = (
				D029DE8828DB05560062A13D /* AppDelegate.swift */,
				D029DE8A28DB05560062A13D /* SceneDelegate.swift */,
				D029DE8C28DB05560062A13D /* ViewController.swift */,
				D029DE8E28DB05560062A13D /* Main.storyboard */,
				D029DE9128DB055B0062A13D /* Assets.xcassets */,
				D029DE9328DB055B0062A13D /* LaunchScreen.storyboard */,
				D029DE9628DB055B0062A13D /* Info.plist */,
			);
			path = TicTacToe2;
			sourceTree = "<group>";
		};
		D029DE9E28DB055B0062A13D /* TicTacToe2Tests */ = {
			isa = PBXGroup;
			children = (
				D029DE9F28DB055B0062A13D /* TicTacToe2Tests.swift */,
			);
			path = TicTacToe2Tests;
			sourceTree = "<group>";
		};
		D029DEA828DB055C0062A13D /* TicTacToe2UITests */ = {
			isa = PBXGroup;
			children = (
				D029DEA928DB055C0062A13D /* TicTacToe2UITests.swift */,
				D029DEAB28DB055C0062A13D /* TicTacToe2UITestsLaunchTests.swift */,
			);
			path = TicTacToe2UITests;
			sourceTree = "<group>";
		};
/* End PBXGroup section */

/* Begin PBXNativeTarget section */
		D029DE8428DB05560062A13D /* TicTacToe2 */ = {
			isa = PBXNativeTarget;
			buildConfigurationList = D029DEAF28DB055C0062A13D /* Build configuration list for PBXNativeTarget "TicTacToe2" */;
			buildPhases = (
				D029DE8128DB05560062A13D /* Sources */,
				D029DE8228DB05560062A13D /* Frameworks */,
				D029DE8328DB05560062A13D /* Resources */,
			);
			buildRules = (
			);
			dependencies = (
			);
			name = TicTacToe2;
			productName = TicTacToe2;
			productReference = D029DE8528DB05560062A13D /* TicTacToe2.app */;
			productType = "com.apple.product-type.application";
		};
		D029DE9A28DB055B0062A13D /* TicTacToe2Tests */ = {
			isa = PBXNativeTarget;
			buildConfigurationList = D029DEB228DB055C0062A13D /* Build configuration list for PBXNativeTarget "TicTacToe2Tests" */;
			buildPhases = (
				D029DE9728DB055B0062A13D /* Sources */,
				D029DE9828DB055B0062A13D /* Frameworks */,
				D029DE9928DB055B0062A13D /* Resources */,
			);
			buildRules = (
			);
			dependencies = (
				D029DE9D28DB055B0062A13D /* PBXTargetDependency */,
			);
			name = TicTacToe2Tests;
			productName = TicTacToe2Tests;
			productReference = D029DE9B28DB055B0062A13D /* TicTacToe2Tests.xctest */;
			productType = "com.apple.product-type.bundle.unit-test";
		};
		D029DEA428DB055C0062A13D /* TicTacToe2UITests */ = {
			isa = PBXNativeTarget;
			buildConfigurationList = D029DEB528DB055C0062A13D /* Build configuration list for PBXNativeTarget "TicTacToe2UITests" */;
			buildPhases = (
				D029DEA128DB055C0062A13D /* Sources */,
				D029DEA228DB055C0062A13D /* Frameworks */,
				D029DEA328DB055C0062A13D /* Resources */,
			);
			buildRules = (
			);
			dependencies = (
				D029DEA728DB055C0062A13D /* PBXTargetDependency */,
			);
			name = TicTacToe2UITests;
			productName = TicTacToe2UITests;
			productReference = D029DEA528DB055C0062A13D /* TicTacToe2UITests.xctest */;
			productType = "com.apple.product-type.bundle.ui-testing";
		};
/* End PBXNativeTarget section */

/* Begin PBXProject section */
		D029DE7D28DB05560062A13D /* Project object */ = {
			isa = PBXProject;
			attributes = {
				BuildIndependentTargetsInParallel = 1;
				LastSwiftUpdateCheck = 1340;
				LastUpgradeCheck = 1340;
				TargetAttributes = {
					D029DE8428DB05560062A13D = {
						CreatedOnToolsVersion = 13.4.1;
					};
					D029DE9A28DB055B0062A13D = {
						CreatedOnToolsVersion = 13.4.1;
						TestTargetID = D029DE8428DB05560062A13D;
					};
					D029DEA428DB055C0062A13D = {
						CreatedOnToolsVersion = 13.4.1;
						TestTargetID = D029DE8428DB05560062A13D;
					};
				};
			};
			buildConfigurationList = D029DE8028DB05560062A13D /* Build configuration list for PBXProject "TicTacToe2" */;
			compatibilityVersion = "Xcode 13.0";
			developmentRegion = en;
			hasScannedForEncodings = 0;
			knownRegions = (
				en,
				Base,
			);
			mainGroup = D029DE7C28DB05560062A13D;
			productRefGroup = D029DE8628DB05560062A13D /* Products */;
			projectDirPath = "";
			projectRoot = "";
			targets = (
				D029DE8428DB05560062A13D /* TicTacToe2 */,
				D029DE9A28DB055B0062A13D /* TicTacToe2Tests */,
				D029DEA428DB055C0062A13D /* TicTacToe2UITests */,
			);
		};
/* End PBXProject section */

/* Begin PBXResourcesBuildPhase section */
		D029DE8328DB05560062A13D /* Resources */ = {
			isa = PBXResourcesBuildPhase;
			buildActionMask = 2147483647;
			files = (
				D029DE9528DB055B0062A13D /* LaunchScreen.storyboard in Resources */,
				D029DE9228DB055B0062A13D /* Assets.xcassets in Resources */,
				D029DE9028DB05560062A13D /* Main.storyboard in Resources */,
			);
			runOnlyForDeploymentPostprocessing = 0;
		};
		D029DE9928DB055B0062A13D /* Resources */ = {
			isa = PBXResourcesBuildPhase;
			buildActionMask = 2147483647;
			files = (
			);
			runOnlyForDeploymentPostprocessing = 0;
		};
		D029DEA328DB055C0062A13D /* Resources */ = {
			isa = PBXResourcesBuildPhase;
			buildActionMask = 2147483647;
			files = (
			);
			runOnlyForDeploymentPostprocessing = 0;
		};
/* End PBXResourcesBuildPhase section */

/* Begin PBXSourcesBuildPhase section */
		D029DE8128DB05560062A13D /* Sources */ = {
			isa = PBXSourcesBuildPhase;
			buildActionMask = 2147483647;
			files = (
				D029DE8D28DB05560062A13D /* ViewController.swift in Sources */,
				D029DE8928DB05560062A13D /* AppDelegate.swift in Sources */,
				D029DE8B28DB05560062A13D /* SceneDelegate.swift in Sources */,
			);
			runOnlyForDeploymentPostprocessing = 0;
		};
		D029DE9728DB055B0062A13D /* Sources */ = {
			isa = PBXSourcesBuildPhase;
			buildActionMask = 2147483647;
			files = (
				D029DEA028DB055B0062A13D /* TicTacToe2Tests.swift in Sources */,
			);
			runOnlyForDeploymentPostprocessing = 0;
		};
		D029DEA128DB055C0062A13D /* Sources */ = {
			isa = PBXSourcesBuildPhase;
			buildActionMask = 2147483647;
			files = (
				D029DEAC28DB055C0062A13D /* TicTacToe2UITestsLaunchTests.swift in Sources */,
				D029DEAA28DB055C0062A13D /* TicTacToe2UITests.swift in Sources */,
			);
			runOnlyForDeploymentPostprocessing = 0;
		};
/* End PBXSourcesBuildPhase section */

/* Begin PBXTargetDependency section */
		D029DE9D28DB055B0062A13D /* PBXTargetDependency */ = {
			isa = PBXTargetDependency;
			target = D029DE8428DB05560062A13D /* TicTacToe2 */;
			targetProxy = D029DE9C28DB055B0062A13D /* PBXContainerItemProxy */;
		};
		D029DEA728DB055C0062A13D /* PBXTargetDependency */ = {
			isa = PBXTargetDependency;
			target = D029DE8428DB05560062A13D /* TicTacToe2 */;
			targetProxy = D029DEA628DB055C0062A13D /* PBXContainerItemProxy */;
		};
/* End PBXTargetDependency section */

/* Begin PBXVariantGroup section */
		D029DE8E28DB05560062A13D /* Main.storyboard */ = {
			isa = PBXVariantGroup;
			children = (
				D029DE8F28DB05560062A13D /* Base */,
			);
			name = Main.storyboard;
			sourceTree = "<group>";
		};
		D029DE9328DB055B0062A13D /* LaunchScreen.storyboard */ = {
			isa = PBXVariantGroup;
			children = (
				D029DE9428DB055B0062A13D /* Base */,
			);
			name = LaunchScreen.storyboard;
			sourceTree = "<group>";
		};
/* End PBXVariantGroup section */

/* Begin XCBuildConfiguration section */
		D029DEAD28DB055C0062A13D /* Debug */ = {
			isa = XCBuildConfiguration;
			buildSettings = {
				ALWAYS_SEARCH_USER_PATHS = NO;
				CLANG_ANALYZER_NONNULL = YES;
				CLANG_ANALYZER_NUMBER_OBJECT_CONVERSION = YES_AGGRESSIVE;
				CLANG_CXX_LANGUAGE_STANDARD = "gnu++17";
				CLANG_ENABLE_MODULES = YES;
				CLANG_ENABLE_OBJC_ARC = YES;
				CLANG_ENABLE_OBJC_WEAK = YES;
				CLANG_WARN_BLOCK_CAPTURE_AUTORELEASING = YES;
				CLANG_WARN_BOOL_CONVERSION = YES;
				CLANG_WARN_COMMA = YES;
				CLANG_WARN_CONSTANT_CONVERSION = YES;
				CLANG_WARN_DEPRECATED_OBJC_IMPLEMENTATIONS = YES;
				CLANG_WARN_DIRECT_OBJC_ISA_USAGE = YES_ERROR;
				CLANG_WARN_DOCUMENTATION_COMMENTS = YES;
				CLANG_WARN_EMPTY_BODY = YES;
				CLANG_WARN_ENUM_CONVERSION = YES;
				CLANG_WARN_INFINITE_RECURSION = YES;
				CLANG_WARN_INT_CONVERSION = YES;
				CLANG_WARN_NON_LITERAL_NULL_CONVERSION = YES;
				CLANG_WARN_OBJC_IMPLICIT_RETAIN_SELF = YES;
				CLANG_WARN_OBJC_LITERAL_CONVERSION = YES;
				CLANG_WARN_OBJC_ROOT_CLASS = YES_ERROR;
				CLANG_WARN_QUOTED_INCLUDE_IN_FRAMEWORK_HEADER = YES;
				CLANG_WARN_RANGE_LOOP_ANALYSIS = YES;
				CLANG_WARN_STRICT_PROTOTYPES = YES;
				CLANG_WARN_SUSPICIOUS_MOVE = YES;
				CLANG_WARN_UNGUARDED_AVAILABILITY = YES_AGGRESSIVE;
				CLANG_WARN_UNREACHABLE_CODE = YES;
				CLANG_WARN__DUPLICATE_METHOD_MATCH = YES;
				COPY_PHASE_STRIP = NO;
				DEBUG_INFORMATION_FORMAT = dwarf;
				ENABLE_STRICT_OBJC_MSGSEND = YES;
				ENABLE_TESTABILITY = YES;
				GCC_C_LANGUAGE_STANDARD = gnu11;
				GCC_DYNAMIC_NO_PIC = NO;
				GCC_NO_COMMON_BLOCKS = YES;
				GCC_OPTIMIZATION_LEVEL = 0;
				GCC_PREPROCESSOR_DEFINITIONS = (
					"DEBUG=1",
					"$(inherited)",
				);
				GCC_WARN_64_TO_32_BIT_CONVERSION = YES;
				GCC_WARN_ABOUT_RETURN_TYPE = YES_ERROR;
				GCC_WARN_UNDECLARED_SELECTOR = YES;
				GCC_WARN_UNINITIALIZED_AUTOS = YES_AGGRESSIVE;
				GCC_WARN_UNUSED_FUNCTION = YES;
				GCC_WARN_UNUSED_VARIABLE = YES;
				IPHONEOS_DEPLOYMENT_TARGET = 15.5;
				MTL_ENABLE_DEBUG_INFO = INCLUDE_SOURCE;
				MTL_FAST_MATH = YES;
				ONLY_ACTIVE_ARCH = YES;
				SDKROOT = iphoneos;
				SWIFT_ACTIVE_COMPILATION_CONDITIONS = DEBUG;
				SWIFT_OPTIMIZATION_LEVEL = "-Onone";
			};
			name = Debug;
		};
		D029DEAE28DB055C0062A13D /* Release */ = {
			isa = XCBuildConfiguration;
			buildSettings = {
				ALWAYS_SEARCH_USER_PATHS = NO;
				CLANG_ANALYZER_NONNULL = YES;
				CLANG_ANALYZER_NUMBER_OBJECT_CONVERSION = YES_AGGRESSIVE;
				CLANG_CXX_LANGUAGE_STANDARD = "gnu++17";
				CLANG_ENABLE_MODULES = YES;
				CLANG_ENABLE_OBJC_ARC = YES;
				CLANG_ENABLE_OBJC_WEAK = YES;
				CLANG_WARN_BLOCK_CAPTURE_AUTORELEASING = YES;
				CLANG_WARN_BOOL_CONVERSION = YES;
				CLANG_WARN_COMMA = YES;
				CLANG_WARN_CONSTANT_CONVERSION = YES;
				CLANG_WARN_DEPRECATED_OBJC_IMPLEMENTATIONS = YES;
				CLANG_WARN_DIRECT_OBJC_ISA_USAGE = YES_ERROR;
				CLANG_WARN_DOCUMENTATION_COMMENTS = YES;
				CLANG_WARN_EMPTY_BODY = YES;
				CLANG_WARN_ENUM_CONVERSION = YES;
				CLANG_WARN_INFINITE_RECURSION = YES;
				CLANG_WARN_INT_CONVERSION = YES;
				CLANG_WARN_NON_LITERAL_NULL_CONVERSION = YES;
				CLANG_WARN_OBJC_IMPLICIT_RETAIN_SELF = YES;
				CLANG_WARN_OBJC_LITERAL_CONVERSION = YES;
				CLANG_WARN_OBJC_ROOT_CLASS = YES_ERROR;
				CLANG_WARN_QUOTED_INCLUDE_IN_FRAMEWORK_HEADER = YES;
				CLANG_WARN_RANGE_LOOP_ANALYSIS = YES;
				CLANG_WARN_STRICT_PROTOTYPES = YES;
				CLANG_WARN_SUSPICIOUS_MOVE = YES;
				CLANG_WARN_UNGUARDED_AVAILABILITY = YES_AGGRESSIVE;
				CLANG_WARN_UNREACHABLE_CODE = YES;
				CLANG_WARN__DUPLICATE_METHOD_MATCH = YES;
				COPY_PHASE_STRIP = NO;
				DEBUG_INFORMATION_FORMAT = "dwarf-with-dsym";
				ENABLE_NS_ASSERTIONS = NO;
				ENABLE_STRICT_OBJC_MSGSEND = YES;
				GCC_C_LANGUAGE_STANDARD = gnu11;
				GCC_NO_COMMON_BLOCKS = YES;
				GCC_WARN_64_TO_32_BIT_CONVERSION = YES;
				GCC_WARN_ABOUT_RETURN_TYPE = YES_ERROR;
				GCC_WARN_UNDECLARED_SELECTOR = YES;
				GCC_WARN_UNINITIALIZED_AUTOS = YES_AGGRESSIVE;
				GCC_WARN_UNUSED_FUNCTION = YES;
				GCC_WARN_UNUSED_VARIABLE = YES;
				IPHONEOS_DEPLOYMENT_TARGET = 15.5;
				MTL_ENABLE_DEBUG_INFO = NO;
				MTL_FAST_MATH = YES;
				SDKROOT = iphoneos;
				SWIFT_COMPILATION_MODE = wholemodule;
				SWIFT_OPTIMIZATION_LEVEL = "-O";
				VALIDATE_PRODUCT = YES;
			};
			name = Release;
		};
		D029DEB028DB055C0062A13D /* Debug */ = {
			isa = XCBuildConfiguration;
			buildSettings = {
				ASSETCATALOG_COMPILER_APPICON_NAME = AppIcon;
				ASSETCATALOG_COMPILER_GLOBAL_ACCENT_COLOR_NAME = AccentColor;
				CODE_SIGN_STYLE = Automatic;
				CURRENT_PROJECT_VERSION = 1;
				DEVELOPMENT_TEAM = 8WRH7Q8Z8B;
				GENERATE_INFOPLIST_FILE = YES;
				INFOPLIST_FILE = TicTacToe2/Info.plist;
				INFOPLIST_KEY_UIApplicationSupportsIndirectInputEvents = YES;
				INFOPLIST_KEY_UILaunchStoryboardName = LaunchScreen;
				INFOPLIST_KEY_UIMainStoryboardFile = Main;
				INFOPLIST_KEY_UISupportedInterfaceOrientations_iPad = "UIInterfaceOrientationPortrait UIInterfaceOrientationPortraitUpsideDown UIInterfaceOrientationLandscapeLeft UIInterfaceOrientationLandscapeRight";
				INFOPLIST_KEY_UISupportedInterfaceOrientations_iPhone = "UIInterfaceOrientationPortrait UIInterfaceOrientationLandscapeLeft UIInterfaceOrientationLandscapeRight";
				LD_RUNPATH_SEARCH_PATHS = (
					"$(inherited)",
					"@executable_path/Frameworks",
				);
				MARKETING_VERSION = 1.0;
				PRODUCT_BUNDLE_IDENTIFIER = com.kyptonaut.TicTacToe2;
				PRODUCT_NAME = "$(TARGET_NAME)";
				SWIFT_EMIT_LOC_STRINGS = YES;
				SWIFT_VERSION = 5.0;
				TARGETED_DEVICE_FAMILY = "1,2";
			};
			name = Debug;
		};
		D029DEB128DB055C0062A13D /* Release */ = {
			isa = XCBuildConfiguration;
			buildSettings = {
				ASSETCATALOG_COMPILER_APPICON_NAME = AppIcon;
				ASSETCATALOG_COMPILER_GLOBAL_ACCENT_COLOR_NAME = AccentColor;
				CODE_SIGN_STYLE = Automatic;
				CURRENT_PROJECT_VERSION = 1;
				DEVELOPMENT_TEAM = 8WRH7Q8Z8B;
				GENERATE_INFOPLIST_FILE = YES;
				INFOPLIST_FILE = TicTacToe2/Info.plist;
				INFOPLIST_KEY_UIApplicationSupportsIndirectInputEvents = YES;
				INFOPLIST_KEY_UILaunchStoryboardName = LaunchScreen;
				INFOPLIST_KEY_UIMainStoryboardFile = Main;
				INFOPLIST_KEY_UISupportedInterfaceOrientations_iPad = "UIInterfaceOrientationPortrait UIInterfaceOrientationPortraitUpsideDown UIInterfaceOrientationLandscapeLeft UIInterfaceOrientationLandscapeRight";
				INFOPLIST_KEY_UISupportedInterfaceOrientations_iPhone = "UIInterfaceOrientationPortrait UIInterfaceOrientationLandscapeLeft UIInterfaceOrientationLandscapeRight";
				LD_RUNPATH_SEARCH_PATHS = (
					"$(inherited)",
					"@executable_path/Frameworks",
				);
				MARKETING_VERSION = 1.0;
				PRODUCT_BUNDLE_IDENTIFIER = com.kyptonaut.TicTacToe2;
				PRODUCT_NAME = "$(TARGET_NAME)";
				SWIFT_EMIT_LOC_STRINGS = YES;
				SWIFT_VERSION = 5.0;
				TARGETED_DEVICE_FAMILY = "1,2";
			};
			name = Release;
		};
		D029DEB328DB055C0062A13D /* Debug */ = {
			isa = XCBuildConfiguration;
			buildSettings = {
				ALWAYS_EMBED_SWIFT_STANDARD_LIBRARIES = YES;
				BUNDLE_LOADER = "$(TEST_HOST)";
				CODE_SIGN_STYLE = Automatic;
				CURRENT_PROJECT_VERSION = 1;
				DEVELOPMENT_TEAM = 8WRH7Q8Z8B;
				GENERATE_INFOPLIST_FILE = YES;
				IPHONEOS_DEPLOYMENT_TARGET = 15.5;
				MARKETING_VERSION = 1.0;
				PRODUCT_BUNDLE_IDENTIFIER = com.kyptonaut.TicTacToe2Tests;
				PRODUCT_NAME = "$(TARGET_NAME)";
				SWIFT_EMIT_LOC_STRINGS = NO;
				SWIFT_VERSION = 5.0;
				TARGETED_DEVICE_FAMILY = "1,2";
				TEST_HOST = "$(BUILT_PRODUCTS_DIR)/TicTacToe2.app/TicTacToe2";
			};
			name = Debug;
		};
		D029DEB428DB055C0062A13D /* Release */ = {
			isa = XCBuildConfiguration;
			buildSettings = {
				ALWAYS_EMBED_SWIFT_STANDARD_LIBRARIES = YES;
				BUNDLE_LOADER = "$(TEST_HOST)";
				CODE_SIGN_STYLE = Automatic;
				CURRENT_PROJECT_VERSION = 1;
				DEVELOPMENT_TEAM = 8WRH7Q8Z8B;
				GENERATE_INFOPLIST_FILE = YES;
				IPHONEOS_DEPLOYMENT_TARGET = 15.5;
				MARKETING_VERSION = 1.0;
				PRODUCT_BUNDLE_IDENTIFIER = com.kyptonaut.TicTacToe2Tests;
				PRODUCT_NAME = "$(TARGET_NAME)";
				SWIFT_EMIT_LOC_STRINGS = NO;
				SWIFT_VERSION = 5.0;
				TARGETED_DEVICE_FAMILY = "1,2";
				TEST_HOST = "$(BUILT_PRODUCTS_DIR)/TicTacToe2.app/TicTacToe2";
			};
			name = Release;
		};
		D029DEB628DB055C0062A13D /* Debug */ = {
			isa = XCBuildConfiguration;
			buildSettings = {
				ALWAYS_EMBED_SWIFT_STANDARD_LIBRARIES = YES;
				CODE_SIGN_STYLE = Automatic;
				CURRENT_PROJECT_VERSION = 1;
				DEVELOPMENT_TEAM = 8WRH7Q8Z8B;
				GENERATE_INFOPLIST_FILE = YES;
				MARKETING_VERSION = 1.0;
				PRODUCT_BUNDLE_IDENTIFIER = com.kyptonaut.TicTacToe2UITests;
				PRODUCT_NAME = "$(TARGET_NAME)";
				SWIFT_EMIT_LOC_STRINGS = NO;
				SWIFT_VERSION = 5.0;
				TARGETED_DEVICE_FAMILY = "1,2";
				TEST_TARGET_NAME = TicTacToe2;
			};
			name = Debug;
		};
		D029DEB728DB055C0062A13D /* Release */ = {
			isa = XCBuildConfiguration;
			buildSettings = {
				ALWAYS_EMBED_SWIFT_STANDARD_LIBRARIES = YES;
				CODE_SIGN_STYLE = Automatic;
				CURRENT_PROJECT_VERSION = 1;
				DEVELOPMENT_TEAM = 8WRH7Q8Z8B;
				GENERATE_INFOPLIST_FILE = YES;
				MARKETING_VERSION = 1.0;
				PRODUCT_BUNDLE_IDENTIFIER = com.kyptonaut.TicTacToe2UITests;
				PRODUCT_NAME = "$(TARGET_NAME)";
				SWIFT_EMIT_LOC_STRINGS = NO;
				SWIFT_VERSION = 5.0;
				TARGETED_DEVICE_FAMILY = "1,2";
				TEST_TARGET_NAME = TicTacToe2;
			};
			name = Release;
		};
/* End XCBuildConfiguration section */

/* Begin XCConfigurationList section */
		D029DE8028DB05560062A13D /* Build configuration list for PBXProject "TicTacToe2" */ = {
			isa = XCConfigurationList;
			buildConfigurations = (
				D029DEAD28DB055C0062A13D /* Debug */,
				D029DEAE28DB055C0062A13D /* Release */,
			);
			defaultConfigurationIsVisible = 0;
			defaultConfigurationName = Release;
		};
		D029DEAF28DB055C0062A13D /* Build configuration list for PBXNativeTarget "TicTacToe2" */ = {
			isa = XCConfigurationList;
			buildConfigurations = (
				D029DEB028DB055C0062A13D /* Debug */,
				D029DEB128DB055C0062A13D /* Release */,
			);
			defaultConfigurationIsVisible = 0;
			defaultConfigurationName = Release;
		};
		D029DEB228DB055C0062A13D /* Build configuration list for PBXNativeTarget "TicTacToe2Tests" */ = {
			isa = XCConfigurationList;
			buildConfigurations = (
				D029DEB328DB055C0062A13D /* Debug */,
				D029DEB428DB055C0062A13D /* Release */,
			);
			defaultConfigurationIsVisible = 0;
			defaultConfigurationName = Release;
		};
		D029DEB528DB055C0062A13D /* Build configuration list for PBXNativeTarget "TicTacToe2UITests" */ = {
			isa = XCConfigurationList;
			buildConfigurations = (
				D029DEB628DB055C0062A13D /* Debug */,
				D029DEB728DB055C0062A13D /* Release */,
			);
			defaultConfigurationIsVisible = 0;
			defaultConfigurationName = Release;
		};
/* End XCConfigurationList section */
	};
	rootObject = D029DE7D28DB05560062A13D /* Project object */;
}
